
Microsoft Visual Studio Solution File, Format Version 12.00
# Visual Studio Version 16
VisualStudioVersion = 16.0.32106.194
MinimumVisualStudioVersion = 10.0.40219.1
Project("{8BC9CEB8-8B4A-11D0-8D11-00A0C91BC942}") = "SK-Lib-stdio.h-setvbuf-Bagian5__C", "SK-Lib-stdio.h-setvbuf-Bagian5__C\SK-Lib-stdio.h-setvbuf-Bagian5__C.vcxproj", "{8A10E7EB-A878-413F-A299-09A9A5040DD3}"
EndProject
Global
	GlobalSection(SolutionConfigurationPlatforms) = preSolution
		Debug|x64 = Debug|x64
		Debug|x86 = Debug|x86
		Release|x64 = Release|x64
		Release|x86 = Release|x86
	EndGlobalSection
	GlobalSection(ProjectConfigurationPlatforms) = postSolution
		{8A10E7EB-A878-413F-A299-09A9A5040DD3}.Debug|x64.ActiveCfg = Debug|x64
		{8A10E7EB-A878-413F-A299-09A9A5040DD3}.Debug|x64.Build.0 = Debug|x64
		{8A10E7EB-A878-413F-A299-09A9A5040DD3}.Debug|x86.ActiveCfg = Debug|Win32
		{8A10E7EB-A878-413F-A299-09A9A5040DD3}.Debug|x86.Build.0 = Debug|Win32
		{8A10E7EB-A878-413F-A299-09A9A5040DD3}.Release|x64.ActiveCfg = Release|x64
		{8A10E7EB-A878-413F-A299-09A9A5040DD3}.Release|x64.Build.0 = Release|x64
		{8A10E7EB-A878-413F-A299-09A9A5040DD3}.Release|x86.ActiveCfg = Release|Win32
		{8A10E7EB-A878-413F-A299-09A9A5040DD3}.Release|x86.Build.0 = Release|Win32
	EndGlobalSection
	GlobalSection(SolutionProperties) = preSolution
		HideSolutionNode = FALSE
	EndGlobalSection
	GlobalSection(ExtensibilityGlobals) = postSolution
		SolutionGuid = {33A5BD13-0D5D-49F3-9A59-FEEF35E55F7F}
	EndGlobalSection
EndGlobal
